{
    "_readme": [
        "This file locks the dependencies of your project to a known state",
        "Read more about it at https://getcomposer.org/doc/01-basic-usage.md#installing-dependencies",
        "This file is @generated automatically"
    ],
    "content-hash": "a57ec9f5a702d254bd0aafd5891de93e",
    "packages": [
        {
            "name": "almacil/php-database",
            "version": "1.0.1",
            "source": {
                "type": "git",
                "url": "https://github.com/rubenperezlopez/almacil-php-database.git",
                "reference": "2d52ef92f7a81da63e10f469c3ce1b921b418c7b"
            },
            "dist": {
                "type": "zip",
                "url": "https://api.github.com/repos/rubenperezlopez/almacil-php-database/zipball/2d52ef92f7a81da63e10f469c3ce1b921b418c7b",
                "reference": "2d52ef92f7a81da63e10f469c3ce1b921b418c7b",
                "shasum": ""
            },
            "require": {
                "php": ">=7.0.0"
            },
            "type": "library",
            "autoload": {
                "psr-4": {
                    "Almacil\\": "src"
                }
            },
            "notification-url": "https://packagist.org/downloads/",
            "license": [
                "MIT"
            ],
            "authors": [
                {
                    "name": "Rubén Pérez López",
                    "email": "ruben@almacil.com",
                    "homepage": "https://github.com/rubenperezlopez"
                }
            ],
            "description": "A simple flat file database designed to persist data using just PHP and flat files. Perfect solution when no other database is available or for small projects.",
            "support": {
                "issues": "https://github.com/rubenperezlopez/almacil-php-database/issues",
                "source": "https://github.com/rubenperezlopez/almacil-php-database/tree/1.0.1"
            },
            "time": "2021-08-06T19:42:55+00:00"
        },
        {
            "name": "almacil/php-translate",
            "version": "1.0.0",
            "source": {
                "type": "git",
                "url": "https://github.com/rubenperezlopez/almacil-php-translate.git",
                "reference": "cedb44972f017e5fcb4a1e149dcf27def151ef48"
            },
            "dist": {
                "type": "zip",
                "url": "https://api.github.com/repos/rubenperezlopez/almacil-php-translate/zipball/cedb44972f017e5fcb4a1e149dcf27def151ef48",
                "reference": "cedb44972f017e5fcb4a1e149dcf27def151ef48",
                "shasum": ""
            },
            "require": {
                "php": ">=7.0.0"
            },
            "type": "library",
            "autoload": {
                "psr-4": {
                    "Almacil\\": "src"
                }
            },
            "notification-url": "https://packagist.org/downloads/",
            "license": [
                "MIT"
            ],
            "authors": [
                {
                    "name": "Rubén Pérez López",
                    "email": "ruben@almacil.com",
                    "homepage": "https://www.rubenperezlopez.com"
                }
            ],
            "support": {
                "issues": "https://github.com/rubenperezlopez/almacil-php-translate/issues",
                "source": "https://github.com/rubenperezlopez/almacil-php-translate/tree/1.0.0"
            },
            "time": "2021-08-06T21:41:23+00:00"
        },
        {
            "name": "bramus/router",
            "version": "1.6",
            "source": {
                "type": "git",
                "url": "https://github.com/bramus/router.git",
                "reference": "d2cf97d5c471e272ac5a2a88b652bc75089c8ae3"
            },
            "dist": {
                "type": "zip",
                "url": "https://api.github.com/repos/bramus/router/zipball/d2cf97d5c471e272ac5a2a88b652bc75089c8ae3",
                "reference": "d2cf97d5c471e272ac5a2a88b652bc75089c8ae3",
                "shasum": ""
            },
            "require": {
                "php": ">=5.3.0"
            },
            "require-dev": {
                "friendsofphp/php-cs-fixer": "~2.14",
                "phpunit/php-code-coverage": "~2.0",
                "phpunit/phpunit": "~4.8"
            },
            "type": "library",
            "autoload": {
                "psr-0": {
                    "Bramus": "src/"
                }
            },
            "notification-url": "https://packagist.org/downloads/",
            "license": [
                "MIT"
            ],
            "authors": [
                {
                    "name": "Bram(us) Van Damme",
                    "email": "bramus@bram.us",
                    "homepage": "http://www.bram.us"
                }
            ],
            "description": "A lightweight and simple object oriented PHP Router",
            "homepage": "https://github.com/bramus/router",
            "keywords": [
                "router",
                "routing"
            ],
            "support": {
                "issues": "https://github.com/bramus/router/issues",
                "source": "https://github.com/bramus/router/tree/1.6"
            },
            "time": "2021-07-23T09:48:14+00:00"
        }
    ],
    "packages-dev": [],
    "aliases": [],
    "minimum-stability": "dev",
    "stability-flags": [],
    "prefer-stable": false,
    "prefer-lowest": false,
    "platform": {
        "php": ">=7.0.0",
        "composer-runtime-api": "^2.0"
    },
    "platform-dev": [],
    "plugin-api-version": "2.1.0"
}
